
Microsoft Visual Studio Solution File, Format Version 12.00
# Visual Studio 14
VisualStudioVersion = 14.0.25420.1
MinimumVisualStudioVersion = 10.0.40219.1
Project("{FAE04EC0-301F-11D3-BF4B-00C04F79EFBC}") = "Server", "Server\Server.csproj", "{9A944A23-346D-4FDF-849D-7887841D9F8D}"
EndProject
Project("{FAE04EC0-301F-11D3-BF4B-00C04F79EFBC}") = "Client", "Client\Client.csproj", "{3028B68B-542E-441E-AE62-AC5C1D6FC5F8}"
EndProject
Global
	GlobalSection(SolutionConfigurationPlatforms) = preSolution
		Debug|Any CPU = Debug|Any CPU
		Release|Any CPU = Release|Any CPU
	EndGlobalSection
	GlobalSection(ProjectConfigurationPlatforms) = postSolution
		{9A944A23-346D-4FDF-849D-7887841D9F8D}.Debug|Any CPU.ActiveCfg = Debug|Any CPU
		{9A944A23-346D-4FDF-849D-7887841D9F8D}.Debug|Any CPU.Build.0 = Debug|Any CPU
		{9A944A23-346D-4FDF-849D-7887841D9F8D}.Release|Any CPU.ActiveCfg = Release|Any CPU
		{9A944A23-346D-4FDF-849D-7887841D9F8D}.Release|Any CPU.Build.0 = Release|Any CPU
		{3028B68B-542E-441E-AE62-AC5C1D6FC5F8}.Debug|Any CPU.ActiveCfg = Debug|Any CPU
		{3028B68B-542E-441E-AE62-AC5C1D6FC5F8}.Debug|Any CPU.Build.0 = Debug|Any CPU
		{3028B68B-542E-441E-AE62-AC5C1D6FC5F8}.Release|Any CPU.ActiveCfg = Release|Any CPU
		{3028B68B-542E-441E-AE62-AC5C1D6FC5F8}.Release|Any CPU.Build.0 = Release|Any CPU
	EndGlobalSection
	GlobalSection(SolutionProperties) = preSolution
		HideSolutionNode = FALSE
	EndGlobalSection
	GlobalSection(ExtensibilityGlobals) = postSolution
		SolutionGuid = {CDA19D66-865D-4622-AA8B-B42AAEE20583}
	EndGlobalSection
EndGlobal
